
Microsoft Visual Studio Solution File, Format Version 12.00
# Visual Studio Version 17
VisualStudioVersion = 17.8.34330.188
MinimumVisualStudioVersion = 10.0.40219.1
Project("{9A19103F-16F7-4668-BE54-9A1E7A4F7556}") = "Entities", "Entities\Entities.csproj", "{5101E625-E6DF-40CE-BE63-2720FB218E8C}"
EndProject
Project("{9A19103F-16F7-4668-BE54-9A1E7A4F7556}") = "DataAccess", "DataAccess\DataAccess.csproj", "{6DB15F55-D9D9-4C37-B817-FCDE1BAA2B6F}"
EndProject
Project("{9A19103F-16F7-4668-BE54-9A1E7A4F7556}") = "Core", "Core\Core.csproj", "{D151FBD6-7950-40FA-BD1B-FD20106E88AF}"
EndProject
Project("{9A19103F-16F7-4668-BE54-9A1E7A4F7556}") = "Business", "Business\Business.csproj", "{F301CD42-95EF-4C7A-8C65-C0D55A44B515}"
EndProject
Project("{9A19103F-16F7-4668-BE54-9A1E7A4F7556}") = "WebAPI", "WebAPI\WebAPI.csproj", "{CBDE2A73-9A00-463D-B2CB-6C8668B276CC}"
EndProject
Global
	GlobalSection(SolutionConfigurationPlatforms) = preSolution
		Debug|Any CPU = Debug|Any CPU
		Release|Any CPU = Release|Any CPU
	EndGlobalSection
	GlobalSection(ProjectConfigurationPlatforms) = postSolution
		{5101E625-E6DF-40CE-BE63-2720FB218E8C}.Debug|Any CPU.ActiveCfg = Debug|Any CPU
		{5101E625-E6DF-40CE-BE63-2720FB218E8C}.Debug|Any CPU.Build.0 = Debug|Any CPU
		{5101E625-E6DF-40CE-BE63-2720FB218E8C}.Release|Any CPU.ActiveCfg = Release|Any CPU
		{5101E625-E6DF-40CE-BE63-2720FB218E8C}.Release|Any CPU.Build.0 = Release|Any CPU
		{6DB15F55-D9D9-4C37-B817-FCDE1BAA2B6F}.Debug|Any CPU.ActiveCfg = Debug|Any CPU
		{6DB15F55-D9D9-4C37-B817-FCDE1BAA2B6F}.Debug|Any CPU.Build.0 = Debug|Any CPU
		{6DB15F55-D9D9-4C37-B817-FCDE1BAA2B6F}.Release|Any CPU.ActiveCfg = Release|Any CPU
		{6DB15F55-D9D9-4C37-B817-FCDE1BAA2B6F}.Release|Any CPU.Build.0 = Release|Any CPU
		{D151FBD6-7950-40FA-BD1B-FD20106E88AF}.Debug|Any CPU.ActiveCfg = Debug|Any CPU
		{D151FBD6-7950-40FA-BD1B-FD20106E88AF}.Debug|Any CPU.Build.0 = Debug|Any CPU
		{D151FBD6-7950-40FA-BD1B-FD20106E88AF}.Release|Any CPU.ActiveCfg = Release|Any CPU
		{D151FBD6-7950-40FA-BD1B-FD20106E88AF}.Release|Any CPU.Build.0 = Release|Any CPU
		{F301CD42-95EF-4C7A-8C65-C0D55A44B515}.Debug|Any CPU.ActiveCfg = Debug|Any CPU
		{F301CD42-95EF-4C7A-8C65-C0D55A44B515}.Debug|Any CPU.Build.0 = Debug|Any CPU
		{F301CD42-95EF-4C7A-8C65-C0D55A44B515}.Release|Any CPU.ActiveCfg = Release|Any CPU
		{F301CD42-95EF-4C7A-8C65-C0D55A44B515}.Release|Any CPU.Build.0 = Release|Any CPU
		{CBDE2A73-9A00-463D-B2CB-6C8668B276CC}.Debug|Any CPU.ActiveCfg = Debug|Any CPU
		{CBDE2A73-9A00-463D-B2CB-6C8668B276CC}.Debug|Any CPU.Build.0 = Debug|Any CPU
		{CBDE2A73-9A00-463D-B2CB-6C8668B276CC}.Release|Any CPU.ActiveCfg = Release|Any CPU
		{CBDE2A73-9A00-463D-B2CB-6C8668B276CC}.Release|Any CPU.Build.0 = Release|Any CPU
	EndGlobalSection
	GlobalSection(SolutionProperties) = preSolution
		HideSolutionNode = FALSE
	EndGlobalSection
	GlobalSection(ExtensibilityGlobals) = postSolution
		SolutionGuid = {8B5195BC-7A59-4177-A9CB-DE1154F7AE60}
	EndGlobalSection
EndGlobal
